
Microsoft Visual Studio Solution File, Format Version 12.00
# Visual Studio Version 17
VisualStudioVersion = 17.5.002.0
MinimumVisualStudioVersion = 10.0.40219.1
Project("{9A19103F-16F7-4668-BE54-9A1E7A4F7556}") = "HelloWorld", "hello-world\HelloWorld.csproj", "{8BC2117D-A25B-4DB4-88B6-DA78ACAA149D}"
EndProject
Project("{9A19103F-16F7-4668-BE54-9A1E7A4F7556}") = "BirdWatcher", "bird-watcher\BirdWatcher.csproj", "{B5C4068A-477B-4F09-B030-942ECB4B1677}"
EndProject
Global
	GlobalSection(SolutionConfigurationPlatforms) = preSolution
		Debug|Any CPU = Debug|Any CPU
		Release|Any CPU = Release|Any CPU
	EndGlobalSection
	GlobalSection(ProjectConfigurationPlatforms) = postSolution
		{8BC2117D-A25B-4DB4-88B6-DA78ACAA149D}.Debug|Any CPU.ActiveCfg = Debug|Any CPU
		{8BC2117D-A25B-4DB4-88B6-DA78ACAA149D}.Debug|Any CPU.Build.0 = Debug|Any CPU
		{8BC2117D-A25B-4DB4-88B6-DA78ACAA149D}.Release|Any CPU.ActiveCfg = Release|Any CPU
		{8BC2117D-A25B-4DB4-88B6-DA78ACAA149D}.Release|Any CPU.Build.0 = Release|Any CPU
		{B5C4068A-477B-4F09-B030-942ECB4B1677}.Debug|Any CPU.ActiveCfg = Debug|Any CPU
		{B5C4068A-477B-4F09-B030-942ECB4B1677}.Debug|Any CPU.Build.0 = Debug|Any CPU
		{B5C4068A-477B-4F09-B030-942ECB4B1677}.Release|Any CPU.ActiveCfg = Release|Any CPU
		{B5C4068A-477B-4F09-B030-942ECB4B1677}.Release|Any CPU.Build.0 = Release|Any CPU
	EndGlobalSection
	GlobalSection(SolutionProperties) = preSolution
		HideSolutionNode = FALSE
	EndGlobalSection
	GlobalSection(ExtensibilityGlobals) = postSolution
		SolutionGuid = {A02FAB0E-7B4E-4F02-A31E-2D46BADC60E1}
	EndGlobalSection
EndGlobal
